
Microsoft Visual Studio Solution File, Format Version 12.00
# Visual Studio 2012
Project("{FAE04EC0-301F-11D3-BF4B-00C04F79EFBC}") = "PortableLogin", "PortableLogin\PortableLogin.csproj", "{D151D89F-B553-4FB4-A19C-F8CB3FA2E113}"
EndProject
Project("{FAE04EC0-301F-11D3-BF4B-00C04F79EFBC}") = "PortableLoginTests", "PortableLoginTests\PortableLoginTests.csproj", "{7FC65E7C-E0D6-4AEE-8E31-D8A849859AF4}"
EndProject
Global
	GlobalSection(SolutionConfigurationPlatforms) = preSolution
		Debug|Any CPU = Debug|Any CPU
		Release|Any CPU = Release|Any CPU
	EndGlobalSection
	GlobalSection(ProjectConfigurationPlatforms) = postSolution
		{D151D89F-B553-4FB4-A19C-F8CB3FA2E113}.Debug|Any CPU.ActiveCfg = Debug|Any CPU
		{D151D89F-B553-4FB4-A19C-F8CB3FA2E113}.Debug|Any CPU.Build.0 = Debug|Any CPU
		{D151D89F-B553-4FB4-A19C-F8CB3FA2E113}.Release|Any CPU.ActiveCfg = Release|Any CPU
		{D151D89F-B553-4FB4-A19C-F8CB3FA2E113}.Release|Any CPU.Build.0 = Release|Any CPU
		{7FC65E7C-E0D6-4AEE-8E31-D8A849859AF4}.Debug|Any CPU.ActiveCfg = Debug|Any CPU
		{7FC65E7C-E0D6-4AEE-8E31-D8A849859AF4}.Debug|Any CPU.Build.0 = Debug|Any CPU
		{7FC65E7C-E0D6-4AEE-8E31-D8A849859AF4}.Release|Any CPU.ActiveCfg = Release|Any CPU
		{7FC65E7C-E0D6-4AEE-8E31-D8A849859AF4}.Release|Any CPU.Build.0 = Release|Any CPU
	EndGlobalSection
	GlobalSection(SolutionProperties) = preSolution
		HideSolutionNode = FALSE
	EndGlobalSection
EndGlobal
